{
  "pins" : [
    {
      "identity" : "sdwebimage",
      "kind" : "remoteSourceControl",
      "location" : "https://github.com/SDWebImage/SDWebImage.git",
      "state" : {
        "branch" : "master",
        "revision" : "3c7c949637cecb4eef79cd543309a2d5b261e46f"
      }
    }
  ],
  "version" : 2
}
